
Microsoft Visual Studio Solution File, Format Version 12.00
# Visual Studio Version 16
VisualStudioVersion = 16.0.30907.101
MinimumVisualStudioVersion = 10.0.40219.1
Project("{9A19103F-16F7-4668-BE54-9A1E7A4F7556}") = "fabiostefani.io.BookPadroesProjetos.Factory", "fabiostefani.io.BookPadroesProjetos.Factory\fabiostefani.io.BookPadroesProjetos.Factory.csproj", "{21CEC8C6-9118-4D15-8C06-DC97E187EA29}"
EndProject
Project("{FAE04EC0-301F-11D3-BF4B-00C04F79EFBC}") = "fabiostefani.io.BookPadroesProjetos.Singleton", "fabiostefani.io.BookPadroesProjetos.Singleton\fabiostefani.io.BookPadroesProjetos.Singleton.csproj", "{02131619-4A68-41CF-99C9-81D40E7DDD8C}"
EndProject
Project("{FAE04EC0-301F-11D3-BF4B-00C04F79EFBC}") = "fabiostefani.io.BookPadroesProjetos.Adapter", "fabiostefani.io.BookPadroesProjetos.Adapter\fabiostefani.io.BookPadroesProjetos.Adapter.csproj", "{02816F4E-7216-4A77-BA97-2BB003D962D7}"
EndProject
Project("{FAE04EC0-301F-11D3-BF4B-00C04F79EFBC}") = "fabiostefani.io.BookPadroesProjetos.Facade", "fabiostefani.io.BookPadroesProjetos.Facade\fabiostefani.io.BookPadroesProjetos.Facade.csproj", "{BD017A9C-F2E6-495A-99F1-4B47BDD8DA57}"
EndProject
Project("{FAE04EC0-301F-11D3-BF4B-00C04F79EFBC}") = "fabiostefani.io.BookPadroesProjetos.Command", "fabiostefani.io.BookPadroesProjetos.Command\fabiostefani.io.BookPadroesProjetos.Command.csproj", "{0618BD6B-DC0E-4D66-9AF1-FAA323708577}"
EndProject
Project("{FAE04EC0-301F-11D3-BF4B-00C04F79EFBC}") = "fabiostefani.io.BookPadroesProjetos.Patterns", "fabiostefani.io.BookPadroesProjetos.Patterns\fabiostefani.io.BookPadroesProjetos.Patterns.csproj", "{86F298AE-8120-44B9-967C-AA88FD6E61EE}"
EndProject
Global
	GlobalSection(SolutionConfigurationPlatforms) = preSolution
		Debug|Any CPU = Debug|Any CPU
		Release|Any CPU = Release|Any CPU
	EndGlobalSection
	GlobalSection(ProjectConfigurationPlatforms) = postSolution
		{21CEC8C6-9118-4D15-8C06-DC97E187EA29}.Debug|Any CPU.ActiveCfg = Debug|Any CPU
		{21CEC8C6-9118-4D15-8C06-DC97E187EA29}.Debug|Any CPU.Build.0 = Debug|Any CPU
		{21CEC8C6-9118-4D15-8C06-DC97E187EA29}.Release|Any CPU.ActiveCfg = Release|Any CPU
		{21CEC8C6-9118-4D15-8C06-DC97E187EA29}.Release|Any CPU.Build.0 = Release|Any CPU
		{02131619-4A68-41CF-99C9-81D40E7DDD8C}.Debug|Any CPU.ActiveCfg = Debug|Any CPU
		{02131619-4A68-41CF-99C9-81D40E7DDD8C}.Debug|Any CPU.Build.0 = Debug|Any CPU
		{02131619-4A68-41CF-99C9-81D40E7DDD8C}.Release|Any CPU.ActiveCfg = Release|Any CPU
		{02131619-4A68-41CF-99C9-81D40E7DDD8C}.Release|Any CPU.Build.0 = Release|Any CPU
		{02816F4E-7216-4A77-BA97-2BB003D962D7}.Debug|Any CPU.ActiveCfg = Debug|Any CPU
		{02816F4E-7216-4A77-BA97-2BB003D962D7}.Debug|Any CPU.Build.0 = Debug|Any CPU
		{02816F4E-7216-4A77-BA97-2BB003D962D7}.Release|Any CPU.ActiveCfg = Release|Any CPU
		{02816F4E-7216-4A77-BA97-2BB003D962D7}.Release|Any CPU.Build.0 = Release|Any CPU
		{BD017A9C-F2E6-495A-99F1-4B47BDD8DA57}.Debug|Any CPU.ActiveCfg = Debug|Any CPU
		{BD017A9C-F2E6-495A-99F1-4B47BDD8DA57}.Debug|Any CPU.Build.0 = Debug|Any CPU
		{BD017A9C-F2E6-495A-99F1-4B47BDD8DA57}.Release|Any CPU.ActiveCfg = Release|Any CPU
		{BD017A9C-F2E6-495A-99F1-4B47BDD8DA57}.Release|Any CPU.Build.0 = Release|Any CPU
		{0618BD6B-DC0E-4D66-9AF1-FAA323708577}.Debug|Any CPU.ActiveCfg = Debug|Any CPU
		{0618BD6B-DC0E-4D66-9AF1-FAA323708577}.Debug|Any CPU.Build.0 = Debug|Any CPU
		{0618BD6B-DC0E-4D66-9AF1-FAA323708577}.Release|Any CPU.ActiveCfg = Release|Any CPU
		{0618BD6B-DC0E-4D66-9AF1-FAA323708577}.Release|Any CPU.Build.0 = Release|Any CPU
		{86F298AE-8120-44B9-967C-AA88FD6E61EE}.Debug|Any CPU.ActiveCfg = Debug|Any CPU
		{86F298AE-8120-44B9-967C-AA88FD6E61EE}.Debug|Any CPU.Build.0 = Debug|Any CPU
		{86F298AE-8120-44B9-967C-AA88FD6E61EE}.Release|Any CPU.ActiveCfg = Release|Any CPU
		{86F298AE-8120-44B9-967C-AA88FD6E61EE}.Release|Any CPU.Build.0 = Release|Any CPU
	EndGlobalSection
	GlobalSection(SolutionProperties) = preSolution
		HideSolutionNode = FALSE
	EndGlobalSection
	GlobalSection(ExtensibilityGlobals) = postSolution
		SolutionGuid = {A9C8EEF8-8D1F-4362-A733-5AE9CDDBF39B}
	EndGlobalSection
EndGlobal
